
Microsoft Visual Studio Solution File, Format Version 12.00
# Visual Studio Version 16
VisualStudioVersion = 16.0.29424.173
MinimumVisualStudioVersion = 10.0.40219.1
Project("{8BC9CEB8-8B4A-11D0-8D11-00A0C91BC942}") = "yUtils", "..\yUtils\yUtils.vcxproj", "{13A06160-5CA4-4A7E-860D-83B338EC3F6B}"
EndProject
Project("{8BC9CEB8-8B4A-11D0-8D11-00A0C91BC942}") = "ImageRLib", "..\ImageRLib\ImageRLib.vcxproj", "{31A1ADBA-A977-4727-AC0D-26DBD8BADDC1}"
	ProjectSection(ProjectDependencies) = postProject
		{13A06160-5CA4-4A7E-860D-83B338EC3F6B} = {13A06160-5CA4-4A7E-860D-83B338EC3F6B}
	EndProjectSection
EndProject
Project("{8BC9CEB8-8B4A-11D0-8D11-00A0C91BC942}") = "WindmillScorer", "WindmillScorer\WindmillScorer.vcxproj", "{F4B84E33-479A-476B-97EE-7F882F9C71FE}"
	ProjectSection(ProjectDependencies) = postProject
		{13A06160-5CA4-4A7E-860D-83B338EC3F6B} = {13A06160-5CA4-4A7E-860D-83B338EC3F6B}
		{31A1ADBA-A977-4727-AC0D-26DBD8BADDC1} = {31A1ADBA-A977-4727-AC0D-26DBD8BADDC1}
	EndProjectSection
EndProject
Global
	GlobalSection(SolutionConfigurationPlatforms) = preSolution
		Debug|x64 = Debug|x64
		Debug|x86 = Debug|x86
		Release|x64 = Release|x64
		Release|x86 = Release|x86
		Template|x64 = Template|x64
		Template|x86 = Template|x86
	EndGlobalSection
	GlobalSection(ProjectConfigurationPlatforms) = postSolution
		{13A06160-5CA4-4A7E-860D-83B338EC3F6B}.Debug|x64.ActiveCfg = Debug|x64
		{13A06160-5CA4-4A7E-860D-83B338EC3F6B}.Debug|x64.Build.0 = Debug|x64
		{13A06160-5CA4-4A7E-860D-83B338EC3F6B}.Debug|x86.ActiveCfg = Debug|Win32
		{13A06160-5CA4-4A7E-860D-83B338EC3F6B}.Debug|x86.Build.0 = Debug|Win32
		{13A06160-5CA4-4A7E-860D-83B338EC3F6B}.Release|x64.ActiveCfg = Release|x64
		{13A06160-5CA4-4A7E-860D-83B338EC3F6B}.Release|x64.Build.0 = Release|x64
		{13A06160-5CA4-4A7E-860D-83B338EC3F6B}.Release|x86.ActiveCfg = Release|Win32
		{13A06160-5CA4-4A7E-860D-83B338EC3F6B}.Release|x86.Build.0 = Release|Win32
		{13A06160-5CA4-4A7E-860D-83B338EC3F6B}.Template|x64.ActiveCfg = Template|x64
		{13A06160-5CA4-4A7E-860D-83B338EC3F6B}.Template|x64.Build.0 = Template|x64
		{13A06160-5CA4-4A7E-860D-83B338EC3F6B}.Template|x86.ActiveCfg = Template|Win32
		{13A06160-5CA4-4A7E-860D-83B338EC3F6B}.Template|x86.Build.0 = Template|Win32
		{31A1ADBA-A977-4727-AC0D-26DBD8BADDC1}.Debug|x64.ActiveCfg = Debug|x64
		{31A1ADBA-A977-4727-AC0D-26DBD8BADDC1}.Debug|x64.Build.0 = Debug|x64
		{31A1ADBA-A977-4727-AC0D-26DBD8BADDC1}.Debug|x86.ActiveCfg = Debug|Win32
		{31A1ADBA-A977-4727-AC0D-26DBD8BADDC1}.Debug|x86.Build.0 = Debug|Win32
		{31A1ADBA-A977-4727-AC0D-26DBD8BADDC1}.Release|x64.ActiveCfg = Release|x64
		{31A1ADBA-A977-4727-AC0D-26DBD8BADDC1}.Release|x64.Build.0 = Release|x64
		{31A1ADBA-A977-4727-AC0D-26DBD8BADDC1}.Release|x86.ActiveCfg = Release|Win32
		{31A1ADBA-A977-4727-AC0D-26DBD8BADDC1}.Release|x86.Build.0 = Release|Win32
		{31A1ADBA-A977-4727-AC0D-26DBD8BADDC1}.Template|x64.ActiveCfg = Template|x64
		{31A1ADBA-A977-4727-AC0D-26DBD8BADDC1}.Template|x64.Build.0 = Template|x64
		{31A1ADBA-A977-4727-AC0D-26DBD8BADDC1}.Template|x86.ActiveCfg = Template|Win32
		{31A1ADBA-A977-4727-AC0D-26DBD8BADDC1}.Template|x86.Build.0 = Template|Win32
		{F4B84E33-479A-476B-97EE-7F882F9C71FE}.Debug|x64.ActiveCfg = Debug|x64
		{F4B84E33-479A-476B-97EE-7F882F9C71FE}.Debug|x64.Build.0 = Debug|x64
		{F4B84E33-479A-476B-97EE-7F882F9C71FE}.Debug|x86.ActiveCfg = Debug|Win32
		{F4B84E33-479A-476B-97EE-7F882F9C71FE}.Debug|x86.Build.0 = Debug|Win32
		{F4B84E33-479A-476B-97EE-7F882F9C71FE}.Release|x64.ActiveCfg = Release|x64
		{F4B84E33-479A-476B-97EE-7F882F9C71FE}.Release|x64.Build.0 = Release|x64
		{F4B84E33-479A-476B-97EE-7F882F9C71FE}.Release|x86.ActiveCfg = Release|Win32
		{F4B84E33-479A-476B-97EE-7F882F9C71FE}.Release|x86.Build.0 = Release|Win32
		{F4B84E33-479A-476B-97EE-7F882F9C71FE}.Template|x64.ActiveCfg = Debug|x64
		{F4B84E33-479A-476B-97EE-7F882F9C71FE}.Template|x64.Build.0 = Debug|x64
		{F4B84E33-479A-476B-97EE-7F882F9C71FE}.Template|x86.ActiveCfg = Debug|Win32
		{F4B84E33-479A-476B-97EE-7F882F9C71FE}.Template|x86.Build.0 = Debug|Win32
	EndGlobalSection
	GlobalSection(SolutionProperties) = preSolution
		HideSolutionNode = FALSE
	EndGlobalSection
	GlobalSection(ExtensibilityGlobals) = postSolution
		SolutionGuid = {F38FA3E2-9A51-4C2A-8968-93039B5729C3}
	EndGlobalSection
EndGlobal
